
Microsoft Visual Studio Solution File, Format Version 12.00
# Visual Studio Version 16
VisualStudioVersion = 16.0.30907.101
MinimumVisualStudioVersion = 10.0.40219.1
Project("{FAE04EC0-301F-11D3-BF4B-00C04F79EFBC}") = "WebPageRazor", "WebPageRazor\WebPageRazor.csproj", "{4F7B5079-28EC-4F79-98FD-E49356755310}"
EndProject
Global
	GlobalSection(SolutionConfigurationPlatforms) = preSolution
		Debug|Any CPU = Debug|Any CPU
		Release|Any CPU = Release|Any CPU
	EndGlobalSection
	GlobalSection(ProjectConfigurationPlatforms) = postSolution
		{4F7B5079-28EC-4F79-98FD-E49356755310}.Debug|Any CPU.ActiveCfg = Debug|Any CPU
		{4F7B5079-28EC-4F79-98FD-E49356755310}.Debug|Any CPU.Build.0 = Debug|Any CPU
		{4F7B5079-28EC-4F79-98FD-E49356755310}.Release|Any CPU.ActiveCfg = Release|Any CPU
		{4F7B5079-28EC-4F79-98FD-E49356755310}.Release|Any CPU.Build.0 = Release|Any CPU
	EndGlobalSection
	GlobalSection(SolutionProperties) = preSolution
		HideSolutionNode = FALSE
	EndGlobalSection
	GlobalSection(ExtensibilityGlobals) = postSolution
		SolutionGuid = {1A3EFFC7-44FE-4532-8D23-C04DF273CB5B}
	EndGlobalSection
EndGlobal
